// !$*UTF8*$!
{
	archiveVersion = 1;
	classes = {
	};
	objectVersion = 46;
	objects = {

/* Begin PBXBuildFile section */
		3613C39A1C632AB400E915CB /* JPEngine.m in Sources */ = {isa = PBXBuildFile; fileRef = 3613C3981C632AB400E915CB /* JPEngine.m */; };
		3613C39B1C632AB400E915CB /* JSPatch.js in Resources */ = {isa = PBXBuildFile; fileRef = 3613C3991C632AB400E915CB /* JSPatch.js */; };
		3613C39E1C63387900E915CB /* JavaScriptCore.framework in Frameworks */ = {isa = PBXBuildFile; fileRef = 3613C39D1C63387900E915CB /* JavaScriptCore.framework */; };
		DC5FA8C31C61F242007F1AA0 /* AppDelegate.swift in Sources */ = {isa = PBXBuildFile; fileRef = DC5FA8C21C61F242007F1AA0 /* AppDelegate.swift */; };
		DC5FA8C51C61F242007F1AA0 /* ViewController.swift in Sources */ = {isa = PBXBuildFile; fileRef = DC5FA8C41C61F242007F1AA0 /* ViewController.swift */; };
		DC5FA8C81C61F242007F1AA0 /* Main.storyboard in Resources */ = {isa = PBXBuildFile; fileRef = DC5FA8C61C61F242007F1AA0 /* Main.storyboard */; };
		DC5FA8CA1C61F242007F1AA0 /* Assets.xcassets in Resources */ = {isa = PBXBuildFile; fileRef = DC5FA8C91C61F242007F1AA0 /* Assets.xcassets */; };
		DC5FA8CD1C61F242007F1AA0 /* LaunchScreen.storyboard in Resources */ = {isa = PBXBuildFile; fileRef = DC5FA8CB1C61F242007F1AA0 /* LaunchScreen.storyboard */; };
		DC5FA8D51C61F732007F1AA0 /* demo.js in Resources */ = {isa = PBXBuildFile; fileRef = DC5FA8D41C61F732007F1AA0 /* demo.js */; };
		DC5FA8D71C61FD74007F1AA0 /* TestObject.swift in Sources */ = {isa = PBXBuildFile; fileRef = DC5FA8D61C61FD74007F1AA0 /* TestObject.swift */; };
/* End PBXBuildFile section */

/* Begin PBXFileReference section */
		3613C3971C632AB400E915CB /* JPEngine.h */ = {isa = PBXFileReference; fileEncoding = 4; lastKnownFileType = sourcecode.c.h; path = JPEngine.h; sourceTree = "<group>"; };
		3613C3981C632AB400E915CB /* JPEngine.m */ = {isa = PBXFileReference; fileEncoding = 4; lastKnownFileType = sourcecode.c.objc; path = JPEngine.m; sourceTree = "<group>"; };
		3613C3991C632AB400E915CB /* JSPatch.js */ = {isa = PBXFileReference; fileEncoding = 4; lastKnownFileType = sourcecode.javascript; path = JSPatch.js; sourceTree = "<group>"; };
		3613C39C1C63344D00E915CB /* SwiftDemo-Bridging-Header.h */ = {isa = PBXFileReference; fileEncoding = 4; lastKnownFileType = sourcecode.c.h; path = "SwiftDemo-Bridging-Header.h"; sourceTree = "<group>"; };
		3613C39D1C63387900E915CB /* JavaScriptCore.framework */ = {isa = PBXFileReference; lastKnownFileType = wrapper.framework; name = JavaScriptCore.framework; path = System/Library/Frameworks/JavaScriptCore.framework; sourceTree = SDKROOT; };
		DC5FA8BF1C61F242007F1AA0 /* SwiftDemo.app */ = {isa = PBXFileReference; explicitFileType = wrapper.application; includeInIndex = 0; path = SwiftDemo.app; sourceTree = BUILT_PRODUCTS_DIR; };
		DC5FA8C21C61F242007F1AA0 /* AppDelegate.swift */ = {isa = PBXFileReference; lastKnownFileType = sourcecode.swift; path = AppDelegate.swift; sourceTree = "<group>"; };
		DC5FA8C41C61F242007F1AA0 /* ViewController.swift */ = {isa = PBXFileReference; lastKnownFileType = sourcecode.swift; path = ViewController.swift; sourceTree = "<group>"; };
		DC5FA8C71C61F242007F1AA0 /* Base */ = {isa = PBXFileReference; lastKnownFileType = file.storyboard; name = Base; path = Base.lproj/Main.storyboard; sourceTree = "<group>"; };
		DC5FA8C91C61F242007F1AA0 /* Assets.xcassets */ = {isa = PBXFileReference; lastKnownFileType = folder.assetcatalog; path = Assets.xcassets; sourceTree = "<group>"; };
		DC5FA8CC1C61F242007F1AA0 /* Base */ = {isa = PBXFileReference; lastKnownFileType = file.storyboard; name = Base; path = Base.lproj/LaunchScreen.storyboard; sourceTree = "<group>"; };
		DC5FA8CE1C61F242007F1AA0 /* Info.plist */ = {isa = PBXFileReference; lastKnownFileType = text.plist.xml; path = Info.plist; sourceTree = "<group>"; };
		DC5FA8D41C61F732007F1AA0 /* demo.js */ = {isa = PBXFileReference; fileEncoding = 4; lastKnownFileType = sourcecode.javascript; path = demo.js; sourceTree = "<group>"; };
		DC5FA8D61C61FD74007F1AA0 /* TestObject.swift */ = {isa = PBXFileReference; fileEncoding = 4; lastKnownFileType = sourcecode.swift; path = TestObject.swift; sourceTree = "<group>"; };
/* End PBXFileReference section */

/* Begin PBXFrameworksBuildPhase section */
		DC5FA8BC1C61F242007F1AA0 /* Frameworks */ = {
			isa = PBXFrameworksBuildPhase;
			buildActionMask = 2147483647;
			files = (
				3613C39E1C63387900E915CB /* JavaScriptCore.framework in Frameworks */,
			);
			runOnlyForDeploymentPostprocessing = 0;
		};
/* End PBXFrameworksBuildPhase section */

/* Begin PBXGroup section */
		1559087F26CA089030BE8522 /* Frameworks */ = {
			isa = PBXGroup;
			children = (
				3613C39D1C63387900E915CB /* JavaScriptCore.framework */,
			);
			name = Frameworks;
			sourceTree = "<group>";
		};
		3613C3961C632AB400E915CB /* JSPatch */ = {
			isa = PBXGroup;
			children = (
				3613C3971C632AB400E915CB /* JPEngine.h */,
				3613C3981C632AB400E915CB /* JPEngine.m */,
				3613C3991C632AB400E915CB /* JSPatch.js */,
			);
			name = JSPatch;
			path = ../../../JSPatch;
			sourceTree = "<group>";
		};
		DC5FA8B61C61F242007F1AA0 = {
			isa = PBXGroup;
			children = (
				DC5FA8C11C61F242007F1AA0 /* SwiftDemo */,
				DC5FA8C01C61F242007F1AA0 /* Products */,
				1559087F26CA089030BE8522 /* Frameworks */,
			);
			sourceTree = "<group>";
		};
		DC5FA8C01C61F242007F1AA0 /* Products */ = {
			isa = PBXGroup;
			children = (
				DC5FA8BF1C61F242007F1AA0 /* SwiftDemo.app */,
			);
			name = Products;
			sourceTree = "<group>";
		};
		DC5FA8C11C61F242007F1AA0 /* SwiftDemo */ = {
			isa = PBXGroup;
			children = (
				3613C3961C632AB400E915CB /* JSPatch */,
				DC5FA8C21C61F242007F1AA0 /* AppDelegate.swift */,
				DC5FA8C41C61F242007F1AA0 /* ViewController.swift */,
				DC5FA8C61C61F242007F1AA0 /* Main.storyboard */,
				DC5FA8C91C61F242007F1AA0 /* Assets.xcassets */,
				DC5FA8CB1C61F242007F1AA0 /* LaunchScreen.storyboard */,
				DC5FA8CE1C61F242007F1AA0 /* Info.plist */,
				DC5FA8D41C61F732007F1AA0 /* demo.js */,
				DC5FA8D61C61FD74007F1AA0 /* TestObject.swift */,
				3613C39C1C63344D00E915CB /* SwiftDemo-Bridging-Header.h */,
			);
			path = SwiftDemo;
			sourceTree = "<group>";
		};
/* End PBXGroup section */

/* Begin PBXNativeTarget section */
		DC5FA8BE1C61F242007F1AA0 /* SwiftDemo */ = {
			isa = PBXNativeTarget;
			buildConfigurationList = DC5FA8D11C61F242007F1AA0 /* Build configuration list for PBXNativeTarget "SwiftDemo" */;
			buildPhases = (
				DC5FA8BB1C61F242007F1AA0 /* Sources */,
				DC5FA8BC1C61F242007F1AA0 /* Frameworks */,
				DC5FA8BD1C61F242007F1AA0 /* Resources */,
			);
			buildRules = (
			);
			dependencies = (
			);
			name = SwiftDemo;
			productName = SwiftDemo;
			productReference = DC5FA8BF1C61F242007F1AA0 /* SwiftDemo.app */;
			productType = "com.apple.product-type.application";
		};
/* End PBXNativeTarget section */

/* Begin PBXProject section */
		DC5FA8B71C61F242007F1AA0 /* Project object */ = {
			isa = PBXProject;
			attributes = {
				LastSwiftUpdateCheck = 0720;
				LastUpgradeCheck = 0720;
				ORGANIZATIONNAME = Arlen;
				TargetAttributes = {
					DC5FA8BE1C61F242007F1AA0 = {
						CreatedOnToolsVersion = 7.2.1;
						LastSwiftMigration = 0820;
					};
				};
			};
			buildConfigurationList = DC5FA8BA1C61F242007F1AA0 /* Build configuration list for PBXProject "SwiftDemo" */;
			compatibilityVersion = "Xcode 3.2";
			developmentRegion = English;
			hasScannedForEncodings = 0;
			knownRegions = (
				en,
				Base,
			);
			mainGroup = DC5FA8B61C61F242007F1AA0;
			productRefGroup = DC5FA8C01C61F242007F1AA0 /* Products */;
			projectDirPath = "";
			projectRoot = "";
			targets = (
				DC5FA8BE1C61F242007F1AA0 /* SwiftDemo */,
			);
		};
/* End PBXProject section */

/* Begin PBXResourcesBuildPhase section */
		DC5FA8BD1C61F242007F1AA0 /* Resources */ = {
			isa = PBXResourcesBuildPhase;
			buildActionMask = 2147483647;
			files = (
				DC5FA8CD1C61F242007F1AA0 /* LaunchScreen.storyboard in Resources */,
				3613C39B1C632AB400E915CB /* JSPatch.js in Resources */,
				DC5FA8CA1C61F242007F1AA0 /* Assets.xcassets in Resources */,
				DC5FA8C81C61F242007F1AA0 /* Main.storyboard in Resources */,
				DC5FA8D51C61F732007F1AA0 /* demo.js in Resources */,
			);
			runOnlyForDeploymentPostprocessing = 0;
		};
/* End PBXResourcesBuildPhase section */

/* Begin PBXSourcesBuildPhase section */
		DC5FA8BB1C61F242007F1AA0 /* Sources */ = {
			isa = PBXSourcesBuildPhase;
			buildActionMask = 2147483647;
			files = (
				DC5FA8D71C61FD74007F1AA0 /* TestObject.swift in Sources */,
				3613C39A1C632AB400E915CB /* JPEngine.m in Sources */,
				DC5FA8C51C61F242007F1AA0 /* ViewController.swift in Sources */,
				DC5FA8C31C61F242007F1AA0 /* AppDelegate.swift in Sources */,
			);
			runOnlyForDeploymentPostprocessing = 0;
		};
/* End PBXSourcesBuildPhase section */

/* Begin PBXVariantGroup section */
		DC5FA8C61C61F242007F1AA0 /* Main.storyboard */ = {
			isa = PBXVariantGroup;
			children = (
				DC5FA8C71C61F242007F1AA0 /* Base */,
			);
			name = Main.storyboard;
			sourceTree = "<group>";
		};
		DC5FA8CB1C61F242007F1AA0 /* LaunchScreen.storyboard */ = {
			isa = PBXVariantGroup;
			children = (
				DC5FA8CC1C61F242007F1AA0 /* Base */,
			);
			name = LaunchScreen.storyboard;
			sourceTree = "<group>";
		};
/* End PBXVariantGroup section */

/* Begin XCBuildConfiguration section */
		DC5FA8CF1C61F242007F1AA0 /* Debug */ = {
			isa = XCBuildConfiguration;
			buildSettings = {
				ALWAYS_SEARCH_USER_PATHS = NO;
				CLANG_CXX_LANGUAGE_STANDARD = "gnu++0x";
				CLANG_CXX_LIBRARY = "libc++";
				CLANG_ENABLE_MODULES = YES;
				CLANG_ENABLE_OBJC_ARC = YES;
				CLANG_WARN_BOOL_CONVERSION = YES;
				CLANG_WARN_CONSTANT_CONVERSION = YES;
				CLANG_WARN_DIRECT_OBJC_ISA_USAGE = YES_ERROR;
				CLANG_WARN_EMPTY_BODY = YES;
				CLANG_WARN_ENUM_CONVERSION = YES;
				CLANG_WARN_INT_CONVERSION = YES;
				CLANG_WARN_OBJC_ROOT_CLASS = YES_ERROR;
				CLANG_WARN_UNREACHABLE_CODE = YES;
				CLANG_WARN__DUPLICATE_METHOD_MATCH = YES;
				"CODE_SIGN_IDENTITY[sdk=iphoneos*]" = "iPhone Developer";
				COPY_PHASE_STRIP = NO;
				DEBUG_INFORMATION_FORMAT = dwarf;
				ENABLE_STRICT_OBJC_MSGSEND = YES;
				ENABLE_TESTABILITY = YES;
				GCC_C_LANGUAGE_STANDARD = gnu99;
				GCC_DYNAMIC_NO_PIC = NO;
				GCC_NO_COMMON_BLOCKS = YES;
				GCC_OPTIMIZATION_LEVEL = 0;
				GCC_PREPROCESSOR_DEFINITIONS = (
					"DEBUG=1",
					"$(inherited)",
				);
				GCC_WARN_64_TO_32_BIT_CONVERSION = YES;
				GCC_WARN_ABOUT_RETURN_TYPE = YES_ERROR;
				GCC_WARN_UNDECLARED_SELECTOR = YES;
				GCC_WARN_UNINITIALIZED_AUTOS = YES_AGGRESSIVE;
				GCC_WARN_UNUSED_FUNCTION = YES;
				GCC_WARN_UNUSED_VARIABLE = YES;
				IPHONEOS_DEPLOYMENT_TARGET = 9.2;
				MTL_ENABLE_DEBUG_INFO = YES;
				ONLY_ACTIVE_ARCH = YES;
				SDKROOT = iphoneos;
				SWIFT_OPTIMIZATION_LEVEL = "-Onone";
				TARGETED_DEVICE_FAMILY = "1,2";
			};
			name = Debug;
		};
		DC5FA8D01C61F242007F1AA0 /* Release */ = {
			isa = XCBuildConfiguration;
			buildSettings = {
				ALWAYS_SEARCH_USER_PATHS = NO;
				CLANG_CXX_LANGUAGE_STANDARD = "gnu++0x";
				CLANG_CXX_LIBRARY = "libc++";
				CLANG_ENABLE_MODULES = YES;
				CLANG_ENABLE_OBJC_ARC = YES;
				CLANG_WARN_BOOL_CONVERSION = YES;
				CLANG_WARN_CONSTANT_CONVERSION = YES;
				CLANG_WARN_DIRECT_OBJC_ISA_USAGE = YES_ERROR;
				CLANG_WARN_EMPTY_BODY = YES;
				CLANG_WARN_ENUM_CONVERSION = YES;
				CLANG_WARN_INT_CONVERSION = YES;
				CLANG_WARN_OBJC_ROOT_CLASS = YES_ERROR;
				CLANG_WARN_UNREACHABLE_CODE = YES;
				CLANG_WARN__DUPLICATE_METHOD_MATCH = YES;
				"CODE_SIGN_IDENTITY[sdk=iphoneos*]" = "iPhone Developer";
				COPY_PHASE_STRIP = NO;
				DEBUG_INFORMATION_FORMAT = "dwarf-with-dsym";
				ENABLE_NS_ASSERTIONS = NO;
				ENABLE_STRICT_OBJC_MSGSEND = YES;
				GCC_C_LANGUAGE_STANDARD = gnu99;
				GCC_NO_COMMON_BLOCKS = YES;
				GCC_WARN_64_TO_32_BIT_CONVERSION = YES;
				GCC_WARN_ABOUT_RETURN_TYPE = YES_ERROR;
				GCC_WARN_UNDECLARED_SELECTOR = YES;
				GCC_WARN_UNINITIALIZED_AUTOS = YES_AGGRESSIVE;
				GCC_WARN_UNUSED_FUNCTION = YES;
				GCC_WARN_UNUSED_VARIABLE = YES;
				IPHONEOS_DEPLOYMENT_TARGET = 9.2;
				MTL_ENABLE_DEBUG_INFO = NO;
				SDKROOT = iphoneos;
				TARGETED_DEVICE_FAMILY = "1,2";
				VALIDATE_PRODUCT = YES;
			};
			name = Release;
		};
		DC5FA8D21C61F242007F1AA0 /* Debug */ = {
			isa = XCBuildConfiguration;
			buildSettings = {
				ASSETCATALOG_COMPILER_APPICON_NAME = AppIcon;
				INFOPLIST_FILE = SwiftDemo/Info.plist;
				IPHONEOS_DEPLOYMENT_TARGET = 8.0;
				LD_RUNPATH_SEARCH_PATHS = "$(inherited) @executable_path/Frameworks";
				PRODUCT_BUNDLE_IDENTIFIER = com.jspatch.SwiftDemo;
				PRODUCT_NAME = "$(TARGET_NAME)";
				SWIFT_OBJC_BRIDGING_HEADER = "SwiftDemo/SwiftDemo-Bridging-Header.h";
				SWIFT_VERSION = 3.0;
			};
			name = Debug;
		};
		DC5FA8D31C61F242007F1AA0 /* Release */ = {
			isa = XCBuildConfiguration;
			buildSettings = {
				ASSETCATALOG_COMPILER_APPICON_NAME = AppIcon;
				INFOPLIST_FILE = SwiftDemo/Info.plist;
				IPHONEOS_DEPLOYMENT_TARGET = 8.0;
				LD_RUNPATH_SEARCH_PATHS = "$(inherited) @executable_path/Frameworks";
				PRODUCT_BUNDLE_IDENTIFIER = com.jspatch.SwiftDemo;
				PRODUCT_NAME = "$(TARGET_NAME)";
				SWIFT_OBJC_BRIDGING_HEADER = "SwiftDemo/SwiftDemo-Bridging-Header.h";
				SWIFT_VERSION = 3.0;
			};
			name = Release;
		};
/* End XCBuildConfiguration section */

/* Begin XCConfigurationList section */
		DC5FA8BA1C61F242007F1AA0 /* Build configuration list for PBXProject "SwiftDemo" */ = {
			isa = XCConfigurationList;
			buildConfigurations = (
				DC5FA8CF1C61F242007F1AA0 /* Debug */,
				DC5FA8D01C61F242007F1AA0 /* Release */,
			);
			defaultConfigurationIsVisible = 0;
			defaultConfigurationName = Release;
		};
		DC5FA8D11C61F242007F1AA0 /* Build configuration list for PBXNativeTarget "SwiftDemo" */ = {
			isa = XCConfigurationList;
			buildConfigurations = (
				DC5FA8D21C61F242007F1AA0 /* Debug */,
				DC5FA8D31C61F242007F1AA0 /* Release */,
			);
			defaultConfigurationIsVisible = 0;
			defaultConfigurationName = Release;
		};
/* End XCConfigurationList section */
	};
	rootObject = DC5FA8B71C61F242007F1AA0 /* Project object */;
}
